// !$*UTF8*$!
{
	archiveVersion = 1;
	classes = {
	};
	objectVersion = 50;
	objects = {

/* Begin PBXBuildFile section */
		02946B71239E036500E3E247 /* AppDelegate.swift in Sources */ = {isa = PBXBuildFile; fileRef = 02946B70239E036500E3E247 /* AppDelegate.swift */; };
		02946B73239E036500E3E247 /* SceneDelegate.swift in Sources */ = {isa = PBXBuildFile; fileRef = 02946B72239E036500E3E247 /* SceneDelegate.swift */; };
		02946B78239E036500E3E247 /* Main.storyboard in Resources */ = {isa = PBXBuildFile; fileRef = 02946B76239E036500E3E247 /* Main.storyboard */; };
		02946B7A239E036600E3E247 /* Assets.xcassets in Resources */ = {isa = PBXBuildFile; fileRef = 02946B79239E036600E3E247 /* Assets.xcassets */; };
		02946B7D239E036600E3E247 /* LaunchScreen.storyboard in Resources */ = {isa = PBXBuildFile; fileRef = 02946B7B239E036600E3E247 /* LaunchScreen.storyboard */; };
		02946B88239E036600E3E247 /* iddogTests.swift in Sources */ = {isa = PBXBuildFile; fileRef = 02946B87239E036600E3E247 /* iddogTests.swift */; };
		02946B93239E036600E3E247 /* iddogUITests.swift in Sources */ = {isa = PBXBuildFile; fileRef = 02946B92239E036600E3E247 /* iddogUITests.swift */; };
		02946BA1239E07D800E3E247 /* LoginView.swift in Sources */ = {isa = PBXBuildFile; fileRef = 02946BA0239E07D800E3E247 /* LoginView.swift */; };
		02E65E09239E0A9B0084196F /* LoginViewModel.swift in Sources */ = {isa = PBXBuildFile; fileRef = 02E65E08239E0A9B0084196F /* LoginViewModel.swift */; };
/* End PBXBuildFile section */

/* Begin PBXContainerItemProxy section */
		02946B84239E036600E3E247 /* PBXContainerItemProxy */ = {
			isa = PBXContainerItemProxy;
			containerPortal = 02946B65239E036500E3E247 /* Project object */;
			proxyType = 1;
			remoteGlobalIDString = 02946B6C239E036500E3E247;
			remoteInfo = iddog;
		};
		02946B8F239E036600E3E247 /* PBXContainerItemProxy */ = {
			isa = PBXContainerItemProxy;
			containerPortal = 02946B65239E036500E3E247 /* Project object */;
			proxyType = 1;
			remoteGlobalIDString = 02946B6C239E036500E3E247;
			remoteInfo = iddog;
		};
/* End PBXContainerItemProxy section */

/* Begin PBXFileReference section */
		02946B6D239E036500E3E247 /* iddog.app */ = {isa = PBXFileReference; explicitFileType = wrapper.application; includeInIndex = 0; path = iddog.app; sourceTree = BUILT_PRODUCTS_DIR; };
		02946B70239E036500E3E247 /* AppDelegate.swift */ = {isa = PBXFileReference; lastKnownFileType = sourcecode.swift; path = AppDelegate.swift; sourceTree = "<group>"; };
		02946B72239E036500E3E247 /* SceneDelegate.swift */ = {isa = PBXFileReference; lastKnownFileType = sourcecode.swift; path = SceneDelegate.swift; sourceTree = "<group>"; };
		02946B77239E036500E3E247 /* Base */ = {isa = PBXFileReference; lastKnownFileType = file.storyboard; name = Base; path = Base.lproj/Main.storyboard; sourceTree = "<group>"; };
		02946B79239E036600E3E247 /* Assets.xcassets */ = {isa = PBXFileReference; lastKnownFileType = folder.assetcatalog; path = Assets.xcassets; sourceTree = "<group>"; };
		02946B7C239E036600E3E247 /* Base */ = {isa = PBXFileReference; lastKnownFileType = file.storyboard; name = Base; path = Base.lproj/LaunchScreen.storyboard; sourceTree = "<group>"; };
		02946B7E239E036600E3E247 /* Info.plist */ = {isa = PBXFileReference; lastKnownFileType = text.plist.xml; path = Info.plist; sourceTree = "<group>"; };
		02946B83239E036600E3E247 /* iddogTests.xctest */ = {isa = PBXFileReference; explicitFileType = wrapper.cfbundle; includeInIndex = 0; path = iddogTests.xctest; sourceTree = BUILT_PRODUCTS_DIR; };
		02946B87239E036600E3E247 /* iddogTests.swift */ = {isa = PBXFileReference; lastKnownFileType = sourcecode.swift; path = iddogTests.swift; sourceTree = "<group>"; };
		02946B89239E036600E3E247 /* Info.plist */ = {isa = PBXFileReference; lastKnownFileType = text.plist.xml; path = Info.plist; sourceTree = "<group>"; };
		02946B8E239E036600E3E247 /* iddogUITests.xctest */ = {isa = PBXFileReference; explicitFileType = wrapper.cfbundle; includeInIndex = 0; path = iddogUITests.xctest; sourceTree = BUILT_PRODUCTS_DIR; };
		02946B92239E036600E3E247 /* iddogUITests.swift */ = {isa = PBXFileReference; lastKnownFileType = sourcecode.swift; path = iddogUITests.swift; sourceTree = "<group>"; };
		02946B94239E036600E3E247 /* Info.plist */ = {isa = PBXFileReference; lastKnownFileType = text.plist.xml; path = Info.plist; sourceTree = "<group>"; };
		02946BA0239E07D800E3E247 /* LoginView.swift */ = {isa = PBXFileReference; lastKnownFileType = sourcecode.swift; path = LoginView.swift; sourceTree = "<group>"; };
		02E65E08239E0A9B0084196F /* LoginViewModel.swift */ = {isa = PBXFileReference; lastKnownFileType = sourcecode.swift; path = LoginViewModel.swift; sourceTree = "<group>"; };
/* End PBXFileReference section */

/* Begin PBXFrameworksBuildPhase section */
		02946B6A239E036500E3E247 /* Frameworks */ = {
			isa = PBXFrameworksBuildPhase;
			buildActionMask = 2147483647;
			files = (
			);
			runOnlyForDeploymentPostprocessing = 0;
		};
		02946B80239E036600E3E247 /* Frameworks */ = {
			isa = PBXFrameworksBuildPhase;
			buildActionMask = 2147483647;
			files = (
			);
			runOnlyForDeploymentPostprocessing = 0;
		};
		02946B8B239E036600E3E247 /* Frameworks */ = {
			isa = PBXFrameworksBuildPhase;
			buildActionMask = 2147483647;
			files = (
			);
			runOnlyForDeploymentPostprocessing = 0;
		};
/* End PBXFrameworksBuildPhase section */

/* Begin PBXGroup section */
		02946B64239E036500E3E247 = {
			isa = PBXGroup;
			children = (
				02946B6F239E036500E3E247 /* iddog */,
				02946B86239E036600E3E247 /* iddogTests */,
				02946B91239E036600E3E247 /* iddogUITests */,
				02946B6E239E036500E3E247 /* Products */,
			);
			sourceTree = "<group>";
		};
		02946B6E239E036500E3E247 /* Products */ = {
			isa = PBXGroup;
			children = (
				02946B6D239E036500E3E247 /* iddog.app */,
				02946B83239E036600E3E247 /* iddogTests.xctest */,
				02946B8E239E036600E3E247 /* iddogUITests.xctest */,
			);
			name = Products;
			sourceTree = "<group>";
		};
		02946B6F239E036500E3E247 /* iddog */ = {
			isa = PBXGroup;
			children = (
				02946BA2239E080000E3E247 /* AppDelegates */,
				02946BA4239E08B000E3E247 /* Controllers */,
				02E65E0B239E10140084196F /* Models */,
				02E65E0A239E10050084196F /* ViewModels */,
				02946BA3239E081400E3E247 /* Views */,
				02946B7E239E036600E3E247 /* Info.plist */,
				02946B79239E036600E3E247 /* Assets.xcassets */,
			);
			path = iddog;
			sourceTree = "<group>";
		};
		02946B86239E036600E3E247 /* iddogTests */ = {
			isa = PBXGroup;
			children = (
				02946B87239E036600E3E247 /* iddogTests.swift */,
				02946B89239E036600E3E247 /* Info.plist */,
			);
			path = iddogTests;
			sourceTree = "<group>";
		};
		02946B91239E036600E3E247 /* iddogUITests */ = {
			isa = PBXGroup;
			children = (
				02946B92239E036600E3E247 /* iddogUITests.swift */,
				02946B94239E036600E3E247 /* Info.plist */,
			);
			path = iddogUITests;
			sourceTree = "<group>";
		};
		02946BA2239E080000E3E247 /* AppDelegates */ = {
			isa = PBXGroup;
			children = (
				02946B70239E036500E3E247 /* AppDelegate.swift */,
				02946B72239E036500E3E247 /* SceneDelegate.swift */,
			);
			name = AppDelegates;
			path = Delegates/AppDelegates;
			sourceTree = "<group>";
		};
		02946BA3239E081400E3E247 /* Views */ = {
			isa = PBXGroup;
			children = (
				02946B7B239E036600E3E247 /* LaunchScreen.storyboard */,
				02946B76239E036500E3E247 /* Main.storyboard */,
			);
			path = Views;
			sourceTree = "<group>";
		};
		02946BA4239E08B000E3E247 /* Controllers */ = {
			isa = PBXGroup;
			children = (
				02946BA0239E07D800E3E247 /* LoginView.swift */,
			);
			path = Controllers;
			sourceTree = "<group>";
		};
		02E65E0A239E10050084196F /* ViewModels */ = {
			isa = PBXGroup;
			children = (
				02E65E08239E0A9B0084196F /* LoginViewModel.swift */,
			);
			path = ViewModels;
			sourceTree = "<group>";
		};
		02E65E0B239E10140084196F /* Models */ = {
			isa = PBXGroup;
			children = (
			);
			path = Models;
			sourceTree = "<group>";
		};
/* End PBXGroup section */

/* Begin PBXNativeTarget section */
		02946B6C239E036500E3E247 /* iddog */ = {
			isa = PBXNativeTarget;
			buildConfigurationList = 02946B97239E036600E3E247 /* Build configuration list for PBXNativeTarget "iddog" */;
			buildPhases = (
				02946B69239E036500E3E247 /* Sources */,
				02946B6A239E036500E3E247 /* Frameworks */,
				02946B6B239E036500E3E247 /* Resources */,
			);
			buildRules = (
			);
			dependencies = (
			);
			name = iddog;
			productName = iddog;
			productReference = 02946B6D239E036500E3E247 /* iddog.app */;
			productType = "com.apple.product-type.application";
		};
		02946B82239E036600E3E247 /* iddogTests */ = {
			isa = PBXNativeTarget;
			buildConfigurationList = 02946B9A239E036600E3E247 /* Build configuration list for PBXNativeTarget "iddogTests" */;
			buildPhases = (
				02946B7F239E036600E3E247 /* Sources */,
				02946B80239E036600E3E247 /* Frameworks */,
				02946B81239E036600E3E247 /* Resources */,
			);
			buildRules = (
			);
			dependencies = (
				02946B85239E036600E3E247 /* PBXTargetDependency */,
			);
			name = iddogTests;
			productName = iddogTests;
			productReference = 02946B83239E036600E3E247 /* iddogTests.xctest */;
			productType = "com.apple.product-type.bundle.unit-test";
		};
		02946B8D239E036600E3E247 /* iddogUITests */ = {
			isa = PBXNativeTarget;
			buildConfigurationList = 02946B9D239E036600E3E247 /* Build configuration list for PBXNativeTarget "iddogUITests" */;
			buildPhases = (
				02946B8A239E036600E3E247 /* Sources */,
				02946B8B239E036600E3E247 /* Frameworks */,
				02946B8C239E036600E3E247 /* Resources */,
			);
			buildRules = (
			);
			dependencies = (
				02946B90239E036600E3E247 /* PBXTargetDependency */,
			);
			name = iddogUITests;
			productName = iddogUITests;
			productReference = 02946B8E239E036600E3E247 /* iddogUITests.xctest */;
			productType = "com.apple.product-type.bundle.ui-testing";
		};
/* End PBXNativeTarget section */

/* Begin PBXProject section */
		02946B65239E036500E3E247 /* Project object */ = {
			isa = PBXProject;
			attributes = {
				LastSwiftUpdateCheck = 1120;
				LastUpgradeCheck = 1120;
				ORGANIZATIONNAME = "Lidia Chou";
				TargetAttributes = {
					02946B6C239E036500E3E247 = {
						CreatedOnToolsVersion = 11.2.1;
					};
					02946B82239E036600E3E247 = {
						CreatedOnToolsVersion = 11.2.1;
						TestTargetID = 02946B6C239E036500E3E247;
					};
					02946B8D239E036600E3E247 = {
						CreatedOnToolsVersion = 11.2.1;
						TestTargetID = 02946B6C239E036500E3E247;
					};
				};
			};
			buildConfigurationList = 02946B68239E036500E3E247 /* Build configuration list for PBXProject "iddog" */;
			compatibilityVersion = "Xcode 9.3";
			developmentRegion = en;
			hasScannedForEncodings = 0;
			knownRegions = (
				en,
				Base,
			);
			mainGroup = 02946B64239E036500E3E247;
			productRefGroup = 02946B6E239E036500E3E247 /* Products */;
			projectDirPath = "";
			projectRoot = "";
			targets = (
				02946B6C239E036500E3E247 /* iddog */,
				02946B82239E036600E3E247 /* iddogTests */,
				02946B8D239E036600E3E247 /* iddogUITests */,
			);
		};
/* End PBXProject section */

/* Begin PBXResourcesBuildPhase section */
		02946B6B239E036500E3E247 /* Resources */ = {
			isa = PBXResourcesBuildPhase;
			buildActionMask = 2147483647;
			files = (
				02946B7D239E036600E3E247 /* LaunchScreen.storyboard in Resources */,
				02946B7A239E036600E3E247 /* Assets.xcassets in Resources */,
				02946B78239E036500E3E247 /* Main.storyboard in Resources */,
			);
			runOnlyForDeploymentPostprocessing = 0;
		};
		02946B81239E036600E3E247 /* Resources */ = {
			isa = PBXResourcesBuildPhase;
			buildActionMask = 2147483647;
			files = (
			);
			runOnlyForDeploymentPostprocessing = 0;
		};
		02946B8C239E036600E3E247 /* Resources */ = {
			isa = PBXResourcesBuildPhase;
			buildActionMask = 2147483647;
			files = (
			);
			runOnlyForDeploymentPostprocessing = 0;
		};
/* End PBXResourcesBuildPhase section */

/* Begin PBXSourcesBuildPhase section */
		02946B69239E036500E3E247 /* Sources */ = {
			isa = PBXSourcesBuildPhase;
			buildActionMask = 2147483647;
			files = (
				02E65E09239E0A9B0084196F /* LoginViewModel.swift in Sources */,
				02946B71239E036500E3E247 /* AppDelegate.swift in Sources */,
				02946BA1239E07D800E3E247 /* LoginView.swift in Sources */,
				02946B73239E036500E3E247 /* SceneDelegate.swift in Sources */,
			);
			runOnlyForDeploymentPostprocessing = 0;
		};
		02946B7F239E036600E3E247 /* Sources */ = {
			isa = PBXSourcesBuildPhase;
			buildActionMask = 2147483647;
			files = (
				02946B88239E036600E3E247 /* iddogTests.swift in Sources */,
			);
			runOnlyForDeploymentPostprocessing = 0;
		};
		02946B8A239E036600E3E247 /* Sources */ = {
			isa = PBXSourcesBuildPhase;
			buildActionMask = 2147483647;
			files = (
				02946B93239E036600E3E247 /* iddogUITests.swift in Sources */,
			);
			runOnlyForDeploymentPostprocessing = 0;
		};
/* End PBXSourcesBuildPhase section */

/* Begin PBXTargetDependency section */
		02946B85239E036600E3E247 /* PBXTargetDependency */ = {
			isa = PBXTargetDependency;
			target = 02946B6C239E036500E3E247 /* iddog */;
			targetProxy = 02946B84239E036600E3E247 /* PBXContainerItemProxy */;
		};
		02946B90239E036600E3E247 /* PBXTargetDependency */ = {
			isa = PBXTargetDependency;
			target = 02946B6C239E036500E3E247 /* iddog */;
			targetProxy = 02946B8F239E036600E3E247 /* PBXContainerItemProxy */;
		};
/* End PBXTargetDependency section */

/* Begin PBXVariantGroup section */
		02946B76239E036500E3E247 /* Main.storyboard */ = {
			isa = PBXVariantGroup;
			children = (
				02946B77239E036500E3E247 /* Base */,
			);
			name = Main.storyboard;
			sourceTree = "<group>";
		};
		02946B7B239E036600E3E247 /* LaunchScreen.storyboard */ = {
			isa = PBXVariantGroup;
			children = (
				02946B7C239E036600E3E247 /* Base */,
			);
			name = LaunchScreen.storyboard;
			sourceTree = "<group>";
		};
/* End PBXVariantGroup section */

/* Begin XCBuildConfiguration section */
		02946B95239E036600E3E247 /* Debug */ = {
			isa = XCBuildConfiguration;
			buildSettings = {
				ALWAYS_SEARCH_USER_PATHS = NO;
				CLANG_ANALYZER_NONNULL = YES;
				CLANG_ANALYZER_NUMBER_OBJECT_CONVERSION = YES_AGGRESSIVE;
				CLANG_CXX_LANGUAGE_STANDARD = "gnu++14";
				CLANG_CXX_LIBRARY = "libc++";
				CLANG_ENABLE_MODULES = YES;
				CLANG_ENABLE_OBJC_ARC = YES;
				CLANG_ENABLE_OBJC_WEAK = YES;
				CLANG_WARN_BLOCK_CAPTURE_AUTORELEASING = YES;
				CLANG_WARN_BOOL_CONVERSION = YES;
				CLANG_WARN_COMMA = YES;
				CLANG_WARN_CONSTANT_CONVERSION = YES;
				CLANG_WARN_DEPRECATED_OBJC_IMPLEMENTATIONS = YES;
				CLANG_WARN_DIRECT_OBJC_ISA_USAGE = YES_ERROR;
				CLANG_WARN_DOCUMENTATION_COMMENTS = YES;
				CLANG_WARN_EMPTY_BODY = YES;
				CLANG_WARN_ENUM_CONVERSION = YES;
				CLANG_WARN_INFINITE_RECURSION = YES;
				CLANG_WARN_INT_CONVERSION = YES;
				CLANG_WARN_NON_LITERAL_NULL_CONVERSION = YES;
				CLANG_WARN_OBJC_IMPLICIT_RETAIN_SELF = YES;
				CLANG_WARN_OBJC_LITERAL_CONVERSION = YES;
				CLANG_WARN_OBJC_ROOT_CLASS = YES_ERROR;
				CLANG_WARN_RANGE_LOOP_ANALYSIS = YES;
				CLANG_WARN_STRICT_PROTOTYPES = YES;
				CLANG_WARN_SUSPICIOUS_MOVE = YES;
				CLANG_WARN_UNGUARDED_AVAILABILITY = YES_AGGRESSIVE;
				CLANG_WARN_UNREACHABLE_CODE = YES;
				CLANG_WARN__DUPLICATE_METHOD_MATCH = YES;
				COPY_PHASE_STRIP = NO;
				DEBUG_INFORMATION_FORMAT = dwarf;
				ENABLE_STRICT_OBJC_MSGSEND = YES;
				ENABLE_TESTABILITY = YES;
				GCC_C_LANGUAGE_STANDARD = gnu11;
				GCC_DYNAMIC_NO_PIC = NO;
				GCC_NO_COMMON_BLOCKS = YES;
				GCC_OPTIMIZATION_LEVEL = 0;
				GCC_PREPROCESSOR_DEFINITIONS = (
					"DEBUG=1",
					"$(inherited)",
				);
				GCC_WARN_64_TO_32_BIT_CONVERSION = YES;
				GCC_WARN_ABOUT_RETURN_TYPE = YES_ERROR;
				GCC_WARN_UNDECLARED_SELECTOR = YES;
				GCC_WARN_UNINITIALIZED_AUTOS = YES_AGGRESSIVE;
				GCC_WARN_UNUSED_FUNCTION = YES;
				GCC_WARN_UNUSED_VARIABLE = YES;
				IPHONEOS_DEPLOYMENT_TARGET = 13.2;
				MTL_ENABLE_DEBUG_INFO = INCLUDE_SOURCE;
				MTL_FAST_MATH = YES;
				ONLY_ACTIVE_ARCH = YES;
				SDKROOT = iphoneos;
				SWIFT_ACTIVE_COMPILATION_CONDITIONS = DEBUG;
				SWIFT_OPTIMIZATION_LEVEL = "-Onone";
			};
			name = Debug;
		};
		02946B96239E036600E3E247 /* Release */ = {
			isa = XCBuildConfiguration;
			buildSettings = {
				ALWAYS_SEARCH_USER_PATHS = NO;
				CLANG_ANALYZER_NONNULL = YES;
				CLANG_ANALYZER_NUMBER_OBJECT_CONVERSION = YES_AGGRESSIVE;
				CLANG_CXX_LANGUAGE_STANDARD = "gnu++14";
				CLANG_CXX_LIBRARY = "libc++";
				CLANG_ENABLE_MODULES = YES;
				CLANG_ENABLE_OBJC_ARC = YES;
				CLANG_ENABLE_OBJC_WEAK = YES;
				CLANG_WARN_BLOCK_CAPTURE_AUTORELEASING = YES;
				CLANG_WARN_BOOL_CONVERSION = YES;
				CLANG_WARN_COMMA = YES;
				CLANG_WARN_CONSTANT_CONVERSION = YES;
				CLANG_WARN_DEPRECATED_OBJC_IMPLEMENTATIONS = YES;
				CLANG_WARN_DIRECT_OBJC_ISA_USAGE = YES_ERROR;
				CLANG_WARN_DOCUMENTATION_COMMENTS = YES;
				CLANG_WARN_EMPTY_BODY = YES;
				CLANG_WARN_ENUM_CONVERSION = YES;
				CLANG_WARN_INFINITE_RECURSION = YES;
				CLANG_WARN_INT_CONVERSION = YES;
				CLANG_WARN_NON_LITERAL_NULL_CONVERSION = YES;
				CLANG_WARN_OBJC_IMPLICIT_RETAIN_SELF = YES;
				CLANG_WARN_OBJC_LITERAL_CONVERSION = YES;
				CLANG_WARN_OBJC_ROOT_CLASS = YES_ERROR;
				CLANG_WARN_RANGE_LOOP_ANALYSIS = YES;
				CLANG_WARN_STRICT_PROTOTYPES = YES;
				CLANG_WARN_SUSPICIOUS_MOVE = YES;
				CLANG_WARN_UNGUARDED_AVAILABILITY = YES_AGGRESSIVE;
				CLANG_WARN_UNREACHABLE_CODE = YES;
				CLANG_WARN__DUPLICATE_METHOD_MATCH = YES;
				COPY_PHASE_STRIP = NO;
				DEBUG_INFORMATION_FORMAT = "dwarf-with-dsym";
				ENABLE_NS_ASSERTIONS = NO;
				ENABLE_STRICT_OBJC_MSGSEND = YES;
				GCC_C_LANGUAGE_STANDARD = gnu11;
				GCC_NO_COMMON_BLOCKS = YES;
				GCC_WARN_64_TO_32_BIT_CONVERSION = YES;
				GCC_WARN_ABOUT_RETURN_TYPE = YES_ERROR;
				GCC_WARN_UNDECLARED_SELECTOR = YES;
				GCC_WARN_UNINITIALIZED_AUTOS = YES_AGGRESSIVE;
				GCC_WARN_UNUSED_FUNCTION = YES;
				GCC_WARN_UNUSED_VARIABLE = YES;
				IPHONEOS_DEPLOYMENT_TARGET = 13.2;
				MTL_ENABLE_DEBUG_INFO = NO;
				MTL_FAST_MATH = YES;
				SDKROOT = iphoneos;
				SWIFT_COMPILATION_MODE = wholemodule;
				SWIFT_OPTIMIZATION_LEVEL = "-O";
				VALIDATE_PRODUCT = YES;
			};
			name = Release;
		};
		02946B98239E036600E3E247 /* Debug */ = {
			isa = XCBuildConfiguration;
			buildSettings = {
				ASSETCATALOG_COMPILER_APPICON_NAME = AppIcon;
				CODE_SIGN_STYLE = Automatic;
				DEVELOPMENT_TEAM = 9WJKK289EM;
				INFOPLIST_FILE = iddog/Info.plist;
				LD_RUNPATH_SEARCH_PATHS = (
					"$(inherited)",
					"@executable_path/Frameworks",
				);
				PRODUCT_BUNDLE_IDENTIFIER = LidiaChou.iddog;
				PRODUCT_NAME = "$(TARGET_NAME)";
				SWIFT_VERSION = 5.0;
				TARGETED_DEVICE_FAMILY = "1,2";
			};
			name = Debug;
		};
		02946B99239E036600E3E247 /* Release */ = {
			isa = XCBuildConfiguration;
			buildSettings = {
				ASSETCATALOG_COMPILER_APPICON_NAME = AppIcon;
				CODE_SIGN_STYLE = Automatic;
				DEVELOPMENT_TEAM = 9WJKK289EM;
				INFOPLIST_FILE = iddog/Info.plist;
				LD_RUNPATH_SEARCH_PATHS = (
					"$(inherited)",
					"@executable_path/Frameworks",
				);
				PRODUCT_BUNDLE_IDENTIFIER = LidiaChou.iddog;
				PRODUCT_NAME = "$(TARGET_NAME)";
				SWIFT_VERSION = 5.0;
				TARGETED_DEVICE_FAMILY = "1,2";
			};
			name = Release;
		};
		02946B9B239E036600E3E247 /* Debug */ = {
			isa = XCBuildConfiguration;
			buildSettings = {
				ALWAYS_EMBED_SWIFT_STANDARD_LIBRARIES = YES;
				BUNDLE_LOADER = "$(TEST_HOST)";
				CODE_SIGN_STYLE = Automatic;
				DEVELOPMENT_TEAM = 9WJKK289EM;
				INFOPLIST_FILE = iddogTests/Info.plist;
				IPHONEOS_DEPLOYMENT_TARGET = 13.2;
				LD_RUNPATH_SEARCH_PATHS = (
					"$(inherited)",
					"@executable_path/Frameworks",
					"@loader_path/Frameworks",
				);
				PRODUCT_BUNDLE_IDENTIFIER = LidiaChou.iddogTests;
				PRODUCT_NAME = "$(TARGET_NAME)";
				SWIFT_VERSION = 5.0;
				TARGETED_DEVICE_FAMILY = "1,2";
				TEST_HOST = "$(BUILT_PRODUCTS_DIR)/iddog.app/iddog";
			};
			name = Debug;
		};
		02946B9C239E036600E3E247 /* Release */ = {
			isa = XCBuildConfiguration;
			buildSettings = {
				ALWAYS_EMBED_SWIFT_STANDARD_LIBRARIES = YES;
				BUNDLE_LOADER = "$(TEST_HOST)";
				CODE_SIGN_STYLE = Automatic;
				DEVELOPMENT_TEAM = 9WJKK289EM;
				INFOPLIST_FILE = iddogTests/Info.plist;
				IPHONEOS_DEPLOYMENT_TARGET = 13.2;
				LD_RUNPATH_SEARCH_PATHS = (
					"$(inherited)",
					"@executable_path/Frameworks",
					"@loader_path/Frameworks",
				);
				PRODUCT_BUNDLE_IDENTIFIER = LidiaChou.iddogTests;
				PRODUCT_NAME = "$(TARGET_NAME)";
				SWIFT_VERSION = 5.0;
				TARGETED_DEVICE_FAMILY = "1,2";
				TEST_HOST = "$(BUILT_PRODUCTS_DIR)/iddog.app/iddog";
			};
			name = Release;
		};
		02946B9E239E036600E3E247 /* Debug */ = {
			isa = XCBuildConfiguration;
			buildSettings = {
				ALWAYS_EMBED_SWIFT_STANDARD_LIBRARIES = YES;
				CODE_SIGN_STYLE = Automatic;
				DEVELOPMENT_TEAM = 9WJKK289EM;
				INFOPLIST_FILE = iddogUITests/Info.plist;
				LD_RUNPATH_SEARCH_PATHS = (
					"$(inherited)",
					"@executable_path/Frameworks",
					"@loader_path/Frameworks",
				);
				PRODUCT_BUNDLE_IDENTIFIER = LidiaChou.iddogUITests;
				PRODUCT_NAME = "$(TARGET_NAME)";
				SWIFT_VERSION = 5.0;
				TARGETED_DEVICE_FAMILY = "1,2";
				TEST_TARGET_NAME = iddog;
			};
			name = Debug;
		};
		02946B9F239E036600E3E247 /* Release */ = {
			isa = XCBuildConfiguration;
			buildSettings = {
				ALWAYS_EMBED_SWIFT_STANDARD_LIBRARIES = YES;
				CODE_SIGN_STYLE = Automatic;
				DEVELOPMENT_TEAM = 9WJKK289EM;
				INFOPLIST_FILE = iddogUITests/Info.plist;
				LD_RUNPATH_SEARCH_PATHS = (
					"$(inherited)",
					"@executable_path/Frameworks",
					"@loader_path/Frameworks",
				);
				PRODUCT_BUNDLE_IDENTIFIER = LidiaChou.iddogUITests;
				PRODUCT_NAME = "$(TARGET_NAME)";
				SWIFT_VERSION = 5.0;
				TARGETED_DEVICE_FAMILY = "1,2";
				TEST_TARGET_NAME = iddog;
			};
			name = Release;
		};
/* End XCBuildConfiguration section */

/* Begin XCConfigurationList section */
		02946B68239E036500E3E247 /* Build configuration list for PBXProject "iddog" */ = {
			isa = XCConfigurationList;
			buildConfigurations = (
				02946B95239E036600E3E247 /* Debug */,
				02946B96239E036600E3E247 /* Release */,
			);
			defaultConfigurationIsVisible = 0;
			defaultConfigurationName = Release;
		};
		02946B97239E036600E3E247 /* Build configuration list for PBXNativeTarget "iddog" */ = {
			isa = XCConfigurationList;
			buildConfigurations = (
				02946B98239E036600E3E247 /* Debug */,
				02946B99239E036600E3E247 /* Release */,
			);
			defaultConfigurationIsVisible = 0;
			defaultConfigurationName = Release;
		};
		02946B9A239E036600E3E247 /* Build configuration list for PBXNativeTarget "iddogTests" */ = {
			isa = XCConfigurationList;
			buildConfigurations = (
				02946B9B239E036600E3E247 /* Debug */,
				02946B9C239E036600E3E247 /* Release */,
			);
			defaultConfigurationIsVisible = 0;
			defaultConfigurationName = Release;
		};
		02946B9D239E036600E3E247 /* Build configuration list for PBXNativeTarget "iddogUITests" */ = {
			isa = XCConfigurationList;
			buildConfigurations = (
				02946B9E239E036600E3E247 /* Debug */,
				02946B9F239E036600E3E247 /* Release */,
			);
			defaultConfigurationIsVisible = 0;
			defaultConfigurationName = Release;
		};
/* End XCConfigurationList section */
	};
	rootObject = 02946B65239E036500E3E247 /* Project object */;
}
